// !$*UTF8*$!
{
	archiveVersion = 1;
	classes = {
	};
	objectVersion = 77;
	objects = {

/* Begin PBXBuildFile section */
		53AA6F672F441E26009FEF3A /* Assets.xcassets in Resources */ = {isa = PBXBuildFile; fileRef = 53AA6F662F441E25009FEF3A /* Assets.xcassets */; };
		53E50000000000000000000F /* PrivacyInfo.xcprivacy in Resources */ = {isa = PBXBuildFile; fileRef = 53E500000000000000000011 /* PrivacyInfo.xcprivacy */; };
		53E500000000000000000010 /* PrivacyInfo.xcprivacy in Resources */ = {isa = PBXBuildFile; fileRef = 53E500000000000000000011 /* PrivacyInfo.xcprivacy */; };
		53A100000000000000000001 /* PingScopeiOS in Frameworks */ = {isa = PBXBuildFile; productRef = 53F100000000000000000005 /* PingScopeiOS */; };
		53A100000000000000000002 /* Assets.xcassets in Resources */ = {isa = PBXBuildFile; fileRef = 53AA6F662F441E25009FEF3A /* Assets.xcassets */; };
		53A100000000000000000003 /* PrivacyInfo.xcprivacy in Resources */ = {isa = PBXBuildFile; fileRef = 53E500000000000000000011 /* PrivacyInfo.xcprivacy */; };
		53A100000000000000000004 /* PingScopeLiveActivityExtension.appex in Embed App Extensions */ = {isa = PBXBuildFile; fileRef = 53A200000000000000000005 /* PingScopeLiveActivityExtension.appex */; settings = {ATTRIBUTES = (RemoveHeadersOnCopy, ); }; };
		53A300000000000000000001 /* widgetExtension.appex in Embed App Extensions */ = {isa = PBXBuildFile; fileRef = 53D2B0B22F45A1A300E65EEE /* widgetExtension.appex */; settings = {ATTRIBUTES = (RemoveHeadersOnCopy, ); }; };
		53A200000000000000000001 /* PingScopeiOS in Frameworks */ = {isa = PBXBuildFile; productRef = 53F100000000000000000005 /* PingScopeiOS */; };
		53A200000000000000000002 /* WidgetKit.framework in Frameworks */ = {isa = PBXBuildFile; fileRef = 53D2B0B42F45A1A300E65EEE /* WidgetKit.framework */; };
		53A200000000000000000003 /* SwiftUI.framework in Frameworks */ = {isa = PBXBuildFile; fileRef = 53D2B0B62F45A1A300E65EEE /* SwiftUI.framework */; };
		53A200000000000000000004 /* ActivityKit.framework in Frameworks */ = {isa = PBXBuildFile; fileRef = 53A20000000000000000000F /* ActivityKit.framework */; };
		53D2B0B82F45A1A300E65EF1 /* PingScopeExtensionSupport in Frameworks */ = {isa = PBXBuildFile; productRef = 53D2B0B82F45A1A300E65EF3 /* PingScopeExtensionSupport */; };
		53D2B0B82F45A1A300E65EF2 /* PingScopeLiveActivitySupport in Frameworks */ = {isa = PBXBuildFile; productRef = 53A200000000000000000011 /* PingScopeLiveActivitySupport */; };
		53D2B0B52F45A1A300E65EEE /* WidgetKit.framework in Frameworks */ = {isa = PBXBuildFile; fileRef = 53D2B0B42F45A1A300E65EEE /* WidgetKit.framework */; };
		53D2B0B72F45A1A300E65EEE /* SwiftUI.framework in Frameworks */ = {isa = PBXBuildFile; fileRef = 53D2B0B62F45A1A300E65EEE /* SwiftUI.framework */; };
		53D2B0C42F45A1A600E65EEE /* widgetExtension.appex in Embed Foundation Extensions */ = {isa = PBXBuildFile; fileRef = 53D2B0B22F45A1A300E65EEE /* widgetExtension.appex */; settings = {ATTRIBUTES = (RemoveHeadersOnCopy, ); }; };
		53E500000000000000000001 /* PingScopeCore in Frameworks */ = {isa = PBXBuildFile; productRef = 53F100000000000000000002 /* PingScopeCore */; };
		53E500000000000000000002 /* Assets.xcassets in Resources */ = {isa = PBXBuildFile; fileRef = 53AA6F662F441E25009FEF3A /* Assets.xcassets */; };
		53E500000000000000000003 /* widgetExtension.appex in Embed Foundation Extensions */ = {isa = PBXBuildFile; fileRef = 53D2B0B22F45A1A300E65EEE /* widgetExtension.appex */; settings = {ATTRIBUTES = (RemoveHeadersOnCopy, ); }; };
		53F100000000000000000001 /* PingScopeCore in Frameworks */ = {isa = PBXBuildFile; productRef = 53F100000000000000000002 /* PingScopeCore */; };
		53F300000000000000000002 /* PingScopeHistoryKit in Frameworks */ = {isa = PBXBuildFile; productRef = 53F300000000000000000001 /* PingScopeHistoryKit */; };
		53F300000000000000000003 /* PingScopeHistoryKit in Frameworks */ = {isa = PBXBuildFile; productRef = 53F300000000000000000001 /* PingScopeHistoryKit */; };
		53F300000000000000000004 /* PingScopeHistoryKit in Frameworks */ = {isa = PBXBuildFile; productRef = 53F300000000000000000001 /* PingScopeHistoryKit */; };
		53F400000000000000000001 /* PingScopeCore in Frameworks */ = {isa = PBXBuildFile; productRef = 53F100000000000000000002 /* PingScopeCore */; };
		53F400000000000000000002 /* PingScopeiOS in Frameworks */ = {isa = PBXBuildFile; productRef = 53F100000000000000000005 /* PingScopeiOS */; };
		53F400000000000000000003 /* PingScopeHistoryKit in Frameworks */ = {isa = PBXBuildFile; productRef = 53F300000000000000000001 /* PingScopeHistoryKit */; };
		53F400000000000000000004 /* PingScopeCloudSync in Frameworks */ = {isa = PBXBuildFile; productRef = 53F400000000000000000005 /* PingScopeCloudSync */; };
		53F400000000000000000006 /* PingScopeCloudSync in Frameworks */ = {isa = PBXBuildFile; productRef = 53F400000000000000000005 /* PingScopeCloudSync */; };
		53F400000000000000000007 /* PingScopeCloudSync in Frameworks */ = {isa = PBXBuildFile; productRef = 53F400000000000000000005 /* PingScopeCloudSync */; };
		53F400000000000000000008 /* PingScopeCloudSync in Frameworks */ = {isa = PBXBuildFile; productRef = 53F400000000000000000005 /* PingScopeCloudSync */; };
		53F200000000000000000001 /* Sparkle in Frameworks */ = {isa = PBXBuildFile; productRef = 53F200000000000000000003 /* Sparkle */; };
/* End PBXBuildFile section */

/* Begin PBXContainerItemProxy section */
		53AA6F452F441DAD009FEF3A /* PBXContainerItemProxy */ = {
			isa = PBXContainerItemProxy;
			containerPortal = 53AA6F2F2F441DAB009FEF3A /* Project object */;
			proxyType = 1;
			remoteGlobalIDString = 53AA6F362F441DAB009FEF3A;
			remoteInfo = PingScope;
		};
		53AA6F4F2F441DAD009FEF3A /* PBXContainerItemProxy */ = {
			isa = PBXContainerItemProxy;
			containerPortal = 53AA6F2F2F441DAB009FEF3A /* Project object */;
			proxyType = 1;
			remoteGlobalIDString = 53AA6F362F441DAB009FEF3A;
			remoteInfo = PingScope;
		};
		53D2B0C22F45A1A600E65EEE /* PBXContainerItemProxy */ = {
			isa = PBXContainerItemProxy;
			containerPortal = 53AA6F2F2F441DAB009FEF3A /* Project object */;
			proxyType = 1;
			remoteGlobalIDString = 53D2B0B12F45A1A300E65EEE;
			remoteInfo = widgetExtension;
		};
		53E500000000000000000004 /* PBXContainerItemProxy */ = {
			isa = PBXContainerItemProxy;
			containerPortal = 53AA6F2F2F441DAB009FEF3A /* Project object */;
			proxyType = 1;
			remoteGlobalIDString = 53D2B0B12F45A1A300E65EEE;
			remoteInfo = widgetExtension;
		};
		53A100000000000000000005 /* PBXContainerItemProxy */ = {
			isa = PBXContainerItemProxy;
			containerPortal = 53AA6F2F2F441DAB009FEF3A /* Project object */;
			proxyType = 1;
			remoteGlobalIDString = 53A20000000000000000000A;
			remoteInfo = PingScopeLiveActivityExtension;
		};
		53A300000000000000000002 /* PBXContainerItemProxy */ = {
			isa = PBXContainerItemProxy;
			containerPortal = 53AA6F2F2F441DAB009FEF3A /* Project object */;
			proxyType = 1;
			remoteGlobalIDString = 53D2B0B12F45A1A300E65EEE;
			remoteInfo = widgetExtension;
		};
/* End PBXContainerItemProxy section */

/* Begin PBXCopyFilesBuildPhase section */
		53D2B0C52F45A1A600E65EEE /* Embed Foundation Extensions */ = {
			isa = PBXCopyFilesBuildPhase;
			buildActionMask = 2147483647;
			dstPath = "";
			dstSubfolderSpec = 13;
			files = (
				53D2B0C42F45A1A600E65EEE /* widgetExtension.appex in Embed Foundation Extensions */,
			);
			name = "Embed Foundation Extensions";
			runOnlyForDeploymentPostprocessing = 0;
		};
		53E500000000000000000005 /* Embed Foundation Extensions */ = {
			isa = PBXCopyFilesBuildPhase;
			buildActionMask = 2147483647;
			dstPath = "";
			dstSubfolderSpec = 13;
			files = (
				53E500000000000000000003 /* widgetExtension.appex in Embed Foundation Extensions */,
			);
			name = "Embed Foundation Extensions";
			runOnlyForDeploymentPostprocessing = 0;
		};
		53A100000000000000000006 /* Embed App Extensions */ = {
			isa = PBXCopyFilesBuildPhase;
			buildActionMask = 2147483647;
			dstPath = "";
			dstSubfolderSpec = 13;
			files = (
				53A100000000000000000004 /* PingScopeLiveActivityExtension.appex in Embed App Extensions */,
				53A300000000000000000001 /* widgetExtension.appex in Embed App Extensions */,
			);
			name = "Embed App Extensions";
			runOnlyForDeploymentPostprocessing = 0;
		};
/* End PBXCopyFilesBuildPhase section */

/* Begin PBXFileReference section */
		53AA6F372F441DAB009FEF3A /* PingScope.app */ = {isa = PBXFileReference; explicitFileType = wrapper.application; includeInIndex = 0; path = PingScope.app; sourceTree = BUILT_PRODUCTS_DIR; };
		53E500000000000000000006 /* PingScope-AppStore.app */ = {isa = PBXFileReference; explicitFileType = wrapper.application; includeInIndex = 0; name = "PingScope-AppStore.app"; path = PingScope.app; sourceTree = BUILT_PRODUCTS_DIR; };
		53A100000000000000000007 /* PingScope-iOS.app */ = {isa = PBXFileReference; explicitFileType = wrapper.application; includeInIndex = 0; name = "PingScope-iOS.app"; path = PingScope.app; sourceTree = BUILT_PRODUCTS_DIR; };
		53AA6F442F441DAD009FEF3A /* PingScopeTests.xctest */ = {isa = PBXFileReference; explicitFileType = wrapper.cfbundle; includeInIndex = 0; path = PingScopeTests.xctest; sourceTree = BUILT_PRODUCTS_DIR; };
		53AA6F4E2F441DAD009FEF3A /* PingScopeUITests.xctest */ = {isa = PBXFileReference; explicitFileType = wrapper.cfbundle; includeInIndex = 0; name = PingScopeUITests.xctest; path = PingScope.xctest; sourceTree = BUILT_PRODUCTS_DIR; };
		53D2B0B22F45A1A300E65EEE /* widgetExtension.appex */ = {isa = PBXFileReference; explicitFileType = "wrapper.app-extension"; includeInIndex = 0; path = widgetExtension.appex; sourceTree = BUILT_PRODUCTS_DIR; };
		53A200000000000000000005 /* PingScopeLiveActivityExtension.appex */ = {isa = PBXFileReference; explicitFileType = "wrapper.app-extension"; includeInIndex = 0; path = PingScopeLiveActivityExtension.appex; sourceTree = BUILT_PRODUCTS_DIR; };
		53D2B0B42F45A1A300E65EEE /* WidgetKit.framework */ = {isa = PBXFileReference; lastKnownFileType = wrapper.framework; name = WidgetKit.framework; path = System/Library/Frameworks/WidgetKit.framework; sourceTree = SDKROOT; };
		53D2B0B62F45A1A300E65EEE /* SwiftUI.framework */ = {isa = PBXFileReference; lastKnownFileType = wrapper.framework; name = SwiftUI.framework; path = System/Library/Frameworks/SwiftUI.framework; sourceTree = SDKROOT; };
		53A20000000000000000000F /* ActivityKit.framework */ = {isa = PBXFileReference; lastKnownFileType = wrapper.framework; name = ActivityKit.framework; path = System/Library/Frameworks/ActivityKit.framework; sourceTree = SDKROOT; };
		53AA6F662F441E25009FEF3A /* Assets.xcassets */ = {isa = PBXFileReference; lastKnownFileType = folder.assetcatalog; path = Assets.xcassets; sourceTree = "<group>"; };
		53E500000000000000000011 /* PrivacyInfo.xcprivacy */ = {isa = PBXFileReference; lastKnownFileType = text.xml; path = Configuration/PrivacyInfo.xcprivacy; sourceTree = "<group>"; };
/* End PBXFileReference section */

/* Begin PBXFileSystemSynchronizedBuildFileExceptionSet section */
		53D2B0C82F45A1A600E65EEE /* Exceptions for "PingScopeWidget" folder in "widgetExtension" target */ = {
			isa = PBXFileSystemSynchronizedBuildFileExceptionSet;
			membershipExceptions = (
				Info.plist,
			);
			target = 53D2B0B12F45A1A300E65EEE /* widgetExtension */;
		};
/* End PBXFileSystemSynchronizedBuildFileExceptionSet section */

/* Begin PBXFileSystemSynchronizedRootGroup section */
		53AA6F472F441DAD009FEF3A /* PingScopeTests */ = {
			isa = PBXFileSystemSynchronizedRootGroup;
			path = Tests/PingScopeFreshTests;
			sourceTree = "<group>";
		};
		53AA6F512F441DAD009FEF3A /* PingScopeUITests */ = {
			isa = PBXFileSystemSynchronizedRootGroup;
			path = PingScopeUITests;
			sourceTree = "<group>";
		};
		53AA6F652F441E20009FEF3A /* Sources */ = {
			isa = PBXFileSystemSynchronizedRootGroup;
			path = Sources;
			sourceTree = "<group>";
		};
		53D2B0B82F45A1A300E65EEE /* PingScopeWidget */ = {
			isa = PBXFileSystemSynchronizedRootGroup;
			exceptions = (
				53D2B0C82F45A1A600E65EEE /* Exceptions for "PingScopeWidget" folder in "widgetExtension" target */,
			);
			path = PingScopeWidget;
			sourceTree = "<group>";
		};
		53F100000000000000000003 /* PingScopeApp */ = {
			isa = PBXFileSystemSynchronizedRootGroup;
			path = Sources/PingScopeApp;
			sourceTree = "<group>";
		};
		53A100000000000000000008 /* PingScopeiOSApp */ = {
			isa = PBXFileSystemSynchronizedRootGroup;
			path = Sources/PingScopeiOSApp;
			sourceTree = "<group>";
		};
		53A200000000000000000006 /* PingScopeLiveActivity */ = {
			isa = PBXFileSystemSynchronizedRootGroup;
			path = PingScopeLiveActivity;
			sourceTree = "<group>";
		};
/* End PBXFileSystemSynchronizedRootGroup section */

/* Begin PBXFrameworksBuildPhase section */
		53AA6F342F441DAB009FEF3A /* Frameworks */ = {
			isa = PBXFrameworksBuildPhase;
			buildActionMask = 2147483647;
			files = (
				53F400000000000000000006 /* PingScopeCloudSync in Frameworks */,
				53F100000000000000000001 /* PingScopeCore in Frameworks */,
				53F300000000000000000002 /* PingScopeHistoryKit in Frameworks */,
				53F200000000000000000001 /* Sparkle in Frameworks */,
			);
			runOnlyForDeploymentPostprocessing = 0;
		};
		53AA6F412F441DAD009FEF3A /* Frameworks */ = {
			isa = PBXFrameworksBuildPhase;
			buildActionMask = 2147483647;
			files = (
				53F400000000000000000004 /* PingScopeCloudSync in Frameworks */,
				53F400000000000000000001 /* PingScopeCore in Frameworks */,
				53F400000000000000000003 /* PingScopeHistoryKit in Frameworks */,
				53F400000000000000000002 /* PingScopeiOS in Frameworks */,
			);
			runOnlyForDeploymentPostprocessing = 0;
		};
		53E500000000000000000007 /* Frameworks */ = {
			isa = PBXFrameworksBuildPhase;
			buildActionMask = 2147483647;
			files = (
				53F400000000000000000007 /* PingScopeCloudSync in Frameworks */,
				53E500000000000000000001 /* PingScopeCore in Frameworks */,
				53F300000000000000000003 /* PingScopeHistoryKit in Frameworks */,
			);
			runOnlyForDeploymentPostprocessing = 0;
		};
		53AA6F4B2F441DAD009FEF3A /* Frameworks */ = {
			isa = PBXFrameworksBuildPhase;
			buildActionMask = 2147483647;
			files = (
			);
			runOnlyForDeploymentPostprocessing = 0;
		};
		53D2B0AF2F45A1A300E65EEE /* Frameworks */ = {
			isa = PBXFrameworksBuildPhase;
			buildActionMask = 2147483647;
			files = (
				53D2B0B82F45A1A300E65EF1 /* PingScopeExtensionSupport in Frameworks */,
				53D2B0B72F45A1A300E65EEE /* SwiftUI.framework in Frameworks */,
				53D2B0B52F45A1A300E65EEE /* WidgetKit.framework in Frameworks */,
			);
			runOnlyForDeploymentPostprocessing = 0;
		};
		53A100000000000000000009 /* Frameworks */ = {
			isa = PBXFrameworksBuildPhase;
			buildActionMask = 2147483647;
			files = (
				53F400000000000000000008 /* PingScopeCloudSync in Frameworks */,
				53A100000000000000000001 /* PingScopeiOS in Frameworks */,
				53F300000000000000000004 /* PingScopeHistoryKit in Frameworks */,
			);
			runOnlyForDeploymentPostprocessing = 0;
		};
		53A200000000000000000007 /* Frameworks */ = {
			isa = PBXFrameworksBuildPhase;
			buildActionMask = 2147483647;
			files = (
				53A200000000000000000004 /* ActivityKit.framework in Frameworks */,
				53D2B0B82F45A1A300E65EF2 /* PingScopeLiveActivitySupport in Frameworks */,
				53A200000000000000000003 /* SwiftUI.framework in Frameworks */,
				53A200000000000000000002 /* WidgetKit.framework in Frameworks */,
			);
			runOnlyForDeploymentPostprocessing = 0;
		};
/* End PBXFrameworksBuildPhase section */

/* Begin PBXGroup section */
		53AA6F2E2F441DAB009FEF3A = {
			isa = PBXGroup;
			children = (
				53AA6F652F441E20009FEF3A /* Sources */,
				53F100000000000000000003 /* PingScopeApp */,
				53A100000000000000000008 /* PingScopeiOSApp */,
				53A200000000000000000006 /* PingScopeLiveActivity */,
				53AA6F662F441E25009FEF3A /* Assets.xcassets */,
				53E500000000000000000011 /* PrivacyInfo.xcprivacy */,
				53AA6F472F441DAD009FEF3A /* PingScopeTests */,
				53AA6F512F441DAD009FEF3A /* PingScopeUITests */,
				53D2B0B82F45A1A300E65EEE /* PingScopeWidget */,
				53D2B0B32F45A1A300E65EEE /* Frameworks */,
				53AA6F382F441DAB009FEF3A /* Products */,
			);
			sourceTree = "<group>";
		};
		53AA6F382F441DAB009FEF3A /* Products */ = {
			isa = PBXGroup;
			children = (
				53AA6F372F441DAB009FEF3A /* PingScope.app */,
				53E500000000000000000006 /* PingScope-AppStore.app */,
				53A100000000000000000007 /* PingScope-iOS.app */,
				53AA6F442F441DAD009FEF3A /* PingScopeTests.xctest */,
				53AA6F4E2F441DAD009FEF3A /* PingScopeUITests.xctest */,
				53D2B0B22F45A1A300E65EEE /* widgetExtension.appex */,
				53A200000000000000000005 /* PingScopeLiveActivityExtension.appex */,
			);
			name = Products;
			sourceTree = "<group>";
		};
		53D2B0B32F45A1A300E65EEE /* Frameworks */ = {
			isa = PBXGroup;
			children = (
				53A20000000000000000000F /* ActivityKit.framework */,
				53D2B0B42F45A1A300E65EEE /* WidgetKit.framework */,
				53D2B0B62F45A1A300E65EEE /* SwiftUI.framework */,
			);
			name = Frameworks;
			sourceTree = "<group>";
		};
/* End PBXGroup section */

/* Begin PBXNativeTarget section */
		53AA6F362F441DAB009FEF3A /* PingScopeApp */ = {
			isa = PBXNativeTarget;
			buildConfigurationList = 53AA6F582F441DAD009FEF3A /* Build configuration list for PBXNativeTarget "PingScopeApp" */;
			buildPhases = (
				53AA6F332F441DAB009FEF3A /* Sources */,
				53AA6F342F441DAB009FEF3A /* Frameworks */,
				53AA6F352F441DAB009FEF3A /* Resources */,
				53D2B0C52F45A1A600E65EEE /* Embed Foundation Extensions */,
			);
			buildRules = (
			);
			dependencies = (
				53D2B0C32F45A1A600E65EEE /* PBXTargetDependency */,
			);
			fileSystemSynchronizedGroups = (
				53F100000000000000000003 /* PingScopeApp */,
			);
			name = PingScopeApp;
			packageProductDependencies = (
				53F400000000000000000005 /* PingScopeCloudSync */,
				53F100000000000000000002 /* PingScopeCore */,
				53F300000000000000000001 /* PingScopeHistoryKit */,
				53F200000000000000000003 /* Sparkle */,
			);
			productName = PingScope;
			productReference = 53AA6F372F441DAB009FEF3A /* PingScope.app */;
			productType = "com.apple.product-type.application";
		};
		53AA6F432F441DAD009FEF3A /* PingScopeTests */ = {
			isa = PBXNativeTarget;
			buildConfigurationList = 53AA6F5B2F441DAD009FEF3A /* Build configuration list for PBXNativeTarget "PingScopeTests" */;
			buildPhases = (
				53AA6F402F441DAD009FEF3A /* Sources */,
				53AA6F412F441DAD009FEF3A /* Frameworks */,
				53AA6F422F441DAD009FEF3A /* Resources */,
			);
			buildRules = (
			);
			dependencies = (
				53AA6F462F441DAD009FEF3A /* PBXTargetDependency */,
			);
			fileSystemSynchronizedGroups = (
				53AA6F472F441DAD009FEF3A /* PingScopeTests */,
			);
			name = PingScopeTests;
			packageProductDependencies = (
				53F400000000000000000005 /* PingScopeCloudSync */,
				53F100000000000000000002 /* PingScopeCore */,
				53F300000000000000000001 /* PingScopeHistoryKit */,
				53F100000000000000000005 /* PingScopeiOS */,
			);
			productName = PingScopeTests;
			productReference = 53AA6F442F441DAD009FEF3A /* PingScopeTests.xctest */;
			productType = "com.apple.product-type.bundle.unit-test";
		};
		53E500000000000000000008 /* PingScopeAppStore */ = {
			isa = PBXNativeTarget;
			buildConfigurationList = 53E50000000000000000000D /* Build configuration list for PBXNativeTarget "PingScopeAppStore" */;
			buildPhases = (
				53E500000000000000000009 /* Sources */,
				53E500000000000000000007 /* Frameworks */,
				53E50000000000000000000A /* Resources */,
				53E500000000000000000005 /* Embed Foundation Extensions */,
			);
			buildRules = (
			);
			dependencies = (
				53E50000000000000000000B /* PBXTargetDependency */,
			);
			fileSystemSynchronizedGroups = (
				53F100000000000000000003 /* PingScopeApp */,
			);
			name = PingScopeAppStore;
			packageProductDependencies = (
				53F400000000000000000005 /* PingScopeCloudSync */,
				53F100000000000000000002 /* PingScopeCore */,
				53F300000000000000000001 /* PingScopeHistoryKit */,
			);
			productName = PingScope;
			productReference = 53E500000000000000000006 /* PingScope-AppStore.app */;
			productType = "com.apple.product-type.application";
		};
		53AA6F4D2F441DAD009FEF3A /* PingScopeUITests */ = {
			isa = PBXNativeTarget;
			buildConfigurationList = 53AA6F5E2F441DAD009FEF3A /* Build configuration list for PBXNativeTarget "PingScopeUITests" */;
			buildPhases = (
				53AA6F4A2F441DAD009FEF3A /* Sources */,
				53AA6F4B2F441DAD009FEF3A /* Frameworks */,
				53AA6F4C2F441DAD009FEF3A /* Resources */,
			);
			buildRules = (
			);
			dependencies = (
				53AA6F502F441DAD009FEF3A /* PBXTargetDependency */,
			);
			fileSystemSynchronizedGroups = (
				53AA6F512F441DAD009FEF3A /* PingScopeUITests */,
			);
			name = PingScopeUITests;
			packageProductDependencies = (
			);
			productName = PingScopeUITests;
			productReference = 53AA6F4E2F441DAD009FEF3A /* PingScopeUITests.xctest */;
			productType = "com.apple.product-type.bundle.ui-testing";
		};
		53D2B0B12F45A1A300E65EEE /* widgetExtension */ = {
			isa = PBXNativeTarget;
			buildConfigurationList = 53D2B0C92F45A1A600E65EEE /* Build configuration list for PBXNativeTarget "widgetExtension" */;
			buildPhases = (
				53D2B0AE2F45A1A300E65EEE /* Sources */,
				53D2B0AF2F45A1A300E65EEE /* Frameworks */,
				53D2B0B02F45A1A300E65EEE /* Resources */,
			);
			buildRules = (
			);
			dependencies = (
			);
			fileSystemSynchronizedGroups = (
				53D2B0B82F45A1A300E65EEE /* PingScopeWidget */,
			);
			name = widgetExtension;
			packageProductDependencies = (
				53D2B0B82F45A1A300E65EF3 /* PingScopeExtensionSupport */,
			);
			productName = widgetExtension;
			productReference = 53D2B0B22F45A1A300E65EEE /* widgetExtension.appex */;
			productType = "com.apple.product-type.app-extension";
		};
		53A10000000000000000000C /* PingScopeiOSApp */ = {
			isa = PBXNativeTarget;
			buildConfigurationList = 53A100000000000000000010 /* Build configuration list for PBXNativeTarget "PingScopeiOSApp" */;
			buildPhases = (
				53A10000000000000000000B /* Sources */,
				53A100000000000000000009 /* Frameworks */,
				53A10000000000000000000A /* Resources */,
				53A100000000000000000006 /* Embed App Extensions */,
			);
			buildRules = (
			);
			dependencies = (
				53A10000000000000000000D /* PBXTargetDependency */,
				53A300000000000000000003 /* PBXTargetDependency */,
			);
			fileSystemSynchronizedGroups = (
				53A100000000000000000008 /* PingScopeiOSApp */,
			);
			name = PingScopeiOSApp;
			packageProductDependencies = (
				53F400000000000000000005 /* PingScopeCloudSync */,
				53F100000000000000000005 /* PingScopeiOS */,
				53F300000000000000000001 /* PingScopeHistoryKit */,
			);
			productName = PingScope;
			productReference = 53A100000000000000000007 /* PingScope-iOS.app */;
			productType = "com.apple.product-type.application";
		};
		53A20000000000000000000A /* PingScopeLiveActivityExtension */ = {
			isa = PBXNativeTarget;
			buildConfigurationList = 53A20000000000000000000D /* Build configuration list for PBXNativeTarget "PingScopeLiveActivityExtension" */;
			buildPhases = (
				53A200000000000000000009 /* Sources */,
				53A200000000000000000007 /* Frameworks */,
				53A200000000000000000008 /* Resources */,
			);
			buildRules = (
			);
			dependencies = (
			);
			fileSystemSynchronizedGroups = (
				53A200000000000000000006 /* PingScopeLiveActivity */,
			);
			name = PingScopeLiveActivityExtension;
			packageProductDependencies = (
				53A200000000000000000011 /* PingScopeLiveActivitySupport */,
			);
			productName = PingScopeLiveActivityExtension;
			productReference = 53A200000000000000000005 /* PingScopeLiveActivityExtension.appex */;
			productType = "com.apple.product-type.app-extension";
		};
/* End PBXNativeTarget section */

/* Begin PBXProject section */
		53AA6F2F2F441DAB009FEF3A /* Project object */ = {
			isa = PBXProject;
			attributes = {
				BuildIndependentTargetsInParallel = 1;
				LastSwiftUpdateCheck = 2600;
				LastUpgradeCheck = 2600;
				TargetAttributes = {
					53AA6F362F441DAB009FEF3A = {
						CreatedOnToolsVersion = 26.0.1;
					};
					53AA6F432F441DAD009FEF3A = {
						CreatedOnToolsVersion = 26.0.1;
						TestTargetID = 53AA6F362F441DAB009FEF3A;
					};
					53AA6F4D2F441DAD009FEF3A = {
						CreatedOnToolsVersion = 26.0.1;
						TestTargetID = 53AA6F362F441DAB009FEF3A;
					};
					53D2B0B12F45A1A300E65EEE = {
						CreatedOnToolsVersion = 26.0.1;
					};
					53E500000000000000000008 = {
						CreatedOnToolsVersion = 26.0.1;
					};
					53A10000000000000000000C = {
						CreatedOnToolsVersion = 26.0.1;
					};
					53A20000000000000000000A = {
						CreatedOnToolsVersion = 26.0.1;
					};
				};
			};
			buildConfigurationList = 53AA6F322F441DAB009FEF3A /* Build configuration list for PBXProject "PingScope" */;
			developmentRegion = en;
			hasScannedForEncodings = 0;
			knownRegions = (
				en,
				Base,
			);
			mainGroup = 53AA6F2E2F441DAB009FEF3A;
			minimizedProjectReferenceProxies = 1;
			packageReferences = (
				53F100000000000000000004 /* XCLocalSwiftPackageReference "." */,
				53F200000000000000000002 /* XCRemoteSwiftPackageReference "Sparkle" */,
			);
			preferredProjectObjectVersion = 77;
			productRefGroup = 53AA6F382F441DAB009FEF3A /* Products */;
			projectDirPath = "";
			projectRoot = "";
			targets = (
				53AA6F362F441DAB009FEF3A /* PingScopeApp */,
				53E500000000000000000008 /* PingScopeAppStore */,
				53A10000000000000000000C /* PingScopeiOSApp */,
				53A20000000000000000000A /* PingScopeLiveActivityExtension */,
				53AA6F432F441DAD009FEF3A /* PingScopeTests */,
				53AA6F4D2F441DAD009FEF3A /* PingScopeUITests */,
				53D2B0B12F45A1A300E65EEE /* widgetExtension */,
			);
		};
/* End PBXProject section */

/* Begin PBXResourcesBuildPhase section */
		53AA6F352F441DAB009FEF3A /* Resources */ = {
			isa = PBXResourcesBuildPhase;
			buildActionMask = 2147483647;
			files = (
				53AA6F672F441E26009FEF3A /* Assets.xcassets in Resources */,
				53E50000000000000000000F /* PrivacyInfo.xcprivacy in Resources */,
			);
			runOnlyForDeploymentPostprocessing = 0;
		};
		53AA6F422F441DAD009FEF3A /* Resources */ = {
			isa = PBXResourcesBuildPhase;
			buildActionMask = 2147483647;
			files = (
			);
			runOnlyForDeploymentPostprocessing = 0;
		};
		53E50000000000000000000A /* Resources */ = {
			isa = PBXResourcesBuildPhase;
			buildActionMask = 2147483647;
			files = (
				53E500000000000000000002 /* Assets.xcassets in Resources */,
				53E500000000000000000010 /* PrivacyInfo.xcprivacy in Resources */,
			);
			runOnlyForDeploymentPostprocessing = 0;
		};
		53AA6F4C2F441DAD009FEF3A /* Resources */ = {
			isa = PBXResourcesBuildPhase;
			buildActionMask = 2147483647;
			files = (
			);
			runOnlyForDeploymentPostprocessing = 0;
		};
		53D2B0B02F45A1A300E65EEE /* Resources */ = {
			isa = PBXResourcesBuildPhase;
			buildActionMask = 2147483647;
			files = (
			);
			runOnlyForDeploymentPostprocessing = 0;
		};
		53A10000000000000000000A /* Resources */ = {
			isa = PBXResourcesBuildPhase;
			buildActionMask = 2147483647;
			files = (
				53A100000000000000000002 /* Assets.xcassets in Resources */,
				53A100000000000000000003 /* PrivacyInfo.xcprivacy in Resources */,
			);
			runOnlyForDeploymentPostprocessing = 0;
		};
		53A200000000000000000008 /* Resources */ = {
			isa = PBXResourcesBuildPhase;
			buildActionMask = 2147483647;
			files = (
			);
			runOnlyForDeploymentPostprocessing = 0;
		};
/* End PBXResourcesBuildPhase section */

/* Begin PBXSourcesBuildPhase section */
		53AA6F332F441DAB009FEF3A /* Sources */ = {
			isa = PBXSourcesBuildPhase;
			buildActionMask = 2147483647;
			files = (
			);
			runOnlyForDeploymentPostprocessing = 0;
		};
		53AA6F402F441DAD009FEF3A /* Sources */ = {
			isa = PBXSourcesBuildPhase;
			buildActionMask = 2147483647;
			files = (
			);
			runOnlyForDeploymentPostprocessing = 0;
		};
		53E500000000000000000009 /* Sources */ = {
			isa = PBXSourcesBuildPhase;
			buildActionMask = 2147483647;
			files = (
			);
			runOnlyForDeploymentPostprocessing = 0;
		};
		53AA6F4A2F441DAD009FEF3A /* Sources */ = {
			isa = PBXSourcesBuildPhase;
			buildActionMask = 2147483647;
			files = (
			);
			runOnlyForDeploymentPostprocessing = 0;
		};
		53D2B0AE2F45A1A300E65EEE /* Sources */ = {
			isa = PBXSourcesBuildPhase;
			buildActionMask = 2147483647;
			files = (
			);
			runOnlyForDeploymentPostprocessing = 0;
		};
		53A10000000000000000000B /* Sources */ = {
			isa = PBXSourcesBuildPhase;
			buildActionMask = 2147483647;
			files = (
			);
			runOnlyForDeploymentPostprocessing = 0;
		};
		53A200000000000000000009 /* Sources */ = {
			isa = PBXSourcesBuildPhase;
			buildActionMask = 2147483647;
			files = (
			);
			runOnlyForDeploymentPostprocessing = 0;
		};
/* End PBXSourcesBuildPhase section */

/* Begin PBXTargetDependency section */
		53AA6F462F441DAD009FEF3A /* PBXTargetDependency */ = {
			isa = PBXTargetDependency;
			target = 53AA6F362F441DAB009FEF3A /* PingScopeApp */;
			targetProxy = 53AA6F452F441DAD009FEF3A /* PBXContainerItemProxy */;
		};
		53AA6F502F441DAD009FEF3A /* PBXTargetDependency */ = {
			isa = PBXTargetDependency;
			target = 53AA6F362F441DAB009FEF3A /* PingScopeApp */;
			targetProxy = 53AA6F4F2F441DAD009FEF3A /* PBXContainerItemProxy */;
		};
		53D2B0C32F45A1A600E65EEE /* PBXTargetDependency */ = {
			isa = PBXTargetDependency;
			target = 53D2B0B12F45A1A300E65EEE /* widgetExtension */;
			targetProxy = 53D2B0C22F45A1A600E65EEE /* PBXContainerItemProxy */;
		};
		53E50000000000000000000B /* PBXTargetDependency */ = {
			isa = PBXTargetDependency;
			target = 53D2B0B12F45A1A300E65EEE /* widgetExtension */;
			targetProxy = 53E500000000000000000004 /* PBXContainerItemProxy */;
		};
		53A10000000000000000000D /* PBXTargetDependency */ = {
			isa = PBXTargetDependency;
			target = 53A20000000000000000000A /* PingScopeLiveActivityExtension */;
			targetProxy = 53A100000000000000000005 /* PBXContainerItemProxy */;
		};
		53A300000000000000000003 /* PBXTargetDependency */ = {
			isa = PBXTargetDependency;
			target = 53D2B0B12F45A1A300E65EEE /* widgetExtension */;
			targetProxy = 53A300000000000000000002 /* PBXContainerItemProxy */;
		};
/* End PBXTargetDependency section */

/* Begin XCBuildConfiguration section */
		53AA6F562F441DAD009FEF3A /* Debug */ = {
			isa = XCBuildConfiguration;
			buildSettings = {
				ALWAYS_SEARCH_USER_PATHS = NO;
				ASSETCATALOG_COMPILER_GENERATE_SWIFT_ASSET_SYMBOL_EXTENSIONS = YES;
				CLANG_ANALYZER_NONNULL = YES;
				CLANG_ANALYZER_NUMBER_OBJECT_CONVERSION = YES_AGGRESSIVE;
				CLANG_CXX_LANGUAGE_STANDARD = "gnu++20";
				CLANG_ENABLE_MODULES = YES;
				CLANG_ENABLE_OBJC_ARC = YES;
				CLANG_ENABLE_OBJC_WEAK = YES;
				CLANG_WARN_BLOCK_CAPTURE_AUTORELEASING = YES;
				CLANG_WARN_BOOL_CONVERSION = YES;
				CLANG_WARN_COMMA = YES;
				CLANG_WARN_CONSTANT_CONVERSION = YES;
				CLANG_WARN_DEPRECATED_OBJC_IMPLEMENTATIONS = YES;
				CLANG_WARN_DIRECT_OBJC_ISA_USAGE = YES_ERROR;
				CLANG_WARN_DOCUMENTATION_COMMENTS = YES;
				CLANG_WARN_EMPTY_BODY = YES;
				CLANG_WARN_ENUM_CONVERSION = YES;
				CLANG_WARN_INFINITE_RECURSION = YES;
				CLANG_WARN_INT_CONVERSION = YES;
				CLANG_WARN_NON_LITERAL_NULL_CONVERSION = YES;
				CLANG_WARN_OBJC_IMPLICIT_RETAIN_SELF = YES;
				CLANG_WARN_OBJC_LITERAL_CONVERSION = YES;
				CLANG_WARN_OBJC_ROOT_CLASS = YES_ERROR;
				CLANG_WARN_QUOTED_INCLUDE_IN_FRAMEWORK_HEADER = YES;
				CLANG_WARN_RANGE_LOOP_ANALYSIS = YES;
				CLANG_WARN_STRICT_PROTOTYPES = YES;
				CLANG_WARN_SUSPICIOUS_MOVE = YES;
				CLANG_WARN_UNGUARDED_AVAILABILITY = YES_AGGRESSIVE;
				CLANG_WARN_UNREACHABLE_CODE = YES;
				CLANG_WARN__DUPLICATE_METHOD_MATCH = YES;
				COPY_PHASE_STRIP = NO;
				DEBUG_INFORMATION_FORMAT = dwarf;
				DEVELOPMENT_TEAM = 6R7S5GA944;
				ENABLE_STRICT_OBJC_MSGSEND = YES;
				ENABLE_TESTABILITY = YES;
				ENABLE_USER_SCRIPT_SANDBOXING = YES;
				GCC_C_LANGUAGE_STANDARD = gnu17;
				GCC_DYNAMIC_NO_PIC = NO;
				GCC_NO_COMMON_BLOCKS = YES;
				GCC_OPTIMIZATION_LEVEL = 0;
				GCC_PREPROCESSOR_DEFINITIONS = (
					"DEBUG=1",
					"$(inherited)",
				);
				GCC_WARN_64_TO_32_BIT_CONVERSION = YES;
				GCC_WARN_ABOUT_RETURN_TYPE = YES_ERROR;
				GCC_WARN_UNDECLARED_SELECTOR = YES;
				GCC_WARN_UNINITIALIZED_AUTOS = YES_AGGRESSIVE;
				GCC_WARN_UNUSED_FUNCTION = YES;
				GCC_WARN_UNUSED_VARIABLE = YES;
				LOCALIZATION_PREFERS_STRING_CATALOGS = YES;
				MTL_ENABLE_DEBUG_INFO = INCLUDE_SOURCE;
				MTL_FAST_MATH = YES;
				ONLY_ACTIVE_ARCH = YES;
				SWIFT_ACTIVE_COMPILATION_CONDITIONS = "DEBUG $(inherited)";
				SWIFT_OPTIMIZATION_LEVEL = "-Onone";
				TEST_TARGET_NAME = PingScopeApp;
			};
			name = Debug;
		};
		53AA6F572F441DAD009FEF3A /* Release */ = {
			isa = XCBuildConfiguration;
			buildSettings = {
				ALWAYS_SEARCH_USER_PATHS = NO;
				ASSETCATALOG_COMPILER_GENERATE_SWIFT_ASSET_SYMBOL_EXTENSIONS = YES;
				CLANG_ANALYZER_NONNULL = YES;
				CLANG_ANALYZER_NUMBER_OBJECT_CONVERSION = YES_AGGRESSIVE;
				CLANG_CXX_LANGUAGE_STANDARD = "gnu++20";
				CLANG_ENABLE_MODULES = YES;
				CLANG_ENABLE_OBJC_ARC = YES;
				CLANG_ENABLE_OBJC_WEAK = YES;
				CLANG_WARN_BLOCK_CAPTURE_AUTORELEASING = YES;
				CLANG_WARN_BOOL_CONVERSION = YES;
				CLANG_WARN_COMMA = YES;
				CLANG_WARN_CONSTANT_CONVERSION = YES;
				CLANG_WARN_DEPRECATED_OBJC_IMPLEMENTATIONS = YES;
				CLANG_WARN_DIRECT_OBJC_ISA_USAGE = YES_ERROR;
				CLANG_WARN_DOCUMENTATION_COMMENTS = YES;
				CLANG_WARN_EMPTY_BODY = YES;
				CLANG_WARN_ENUM_CONVERSION = YES;
				CLANG_WARN_INFINITE_RECURSION = YES;
				CLANG_WARN_INT_CONVERSION = YES;
				CLANG_WARN_NON_LITERAL_NULL_CONVERSION = YES;
				CLANG_WARN_OBJC_IMPLICIT_RETAIN_SELF = YES;
				CLANG_WARN_OBJC_LITERAL_CONVERSION = YES;
				CLANG_WARN_OBJC_ROOT_CLASS = YES_ERROR;
				CLANG_WARN_QUOTED_INCLUDE_IN_FRAMEWORK_HEADER = YES;
				CLANG_WARN_RANGE_LOOP_ANALYSIS = YES;
				CLANG_WARN_STRICT_PROTOTYPES = YES;
				CLANG_WARN_SUSPICIOUS_MOVE = YES;
				CLANG_WARN_UNGUARDED_AVAILABILITY = YES_AGGRESSIVE;
				CLANG_WARN_UNREACHABLE_CODE = YES;
				CLANG_WARN__DUPLICATE_METHOD_MATCH = YES;
				COPY_PHASE_STRIP = YES;
				DEBUG_INFORMATION_FORMAT = "dwarf-with-dsym";
				DEAD_CODE_STRIPPING = YES;
				DEVELOPMENT_TEAM = 6R7S5GA944;
				ENABLE_NS_ASSERTIONS = NO;
				ENABLE_STRICT_OBJC_MSGSEND = YES;
				ENABLE_USER_SCRIPT_SANDBOXING = YES;
				GCC_C_LANGUAGE_STANDARD = gnu17;
				GCC_NO_COMMON_BLOCKS = YES;
				GCC_WARN_64_TO_32_BIT_CONVERSION = YES;
				GCC_WARN_ABOUT_RETURN_TYPE = YES_ERROR;
				GCC_WARN_UNDECLARED_SELECTOR = YES;
				GCC_WARN_UNINITIALIZED_AUTOS = YES_AGGRESSIVE;
				GCC_WARN_UNUSED_FUNCTION = YES;
				GCC_WARN_UNUSED_VARIABLE = YES;
				LOCALIZATION_PREFERS_STRING_CATALOGS = YES;
				MTL_ENABLE_DEBUG_INFO = NO;
				MTL_FAST_MATH = YES;
				SWIFT_COMPILATION_MODE = wholemodule;
				TEST_TARGET_NAME = PingScopeApp;
			};
			name = Release;
		};
		53AA6F592F441DAD009FEF3A /* Debug */ = {
			isa = XCBuildConfiguration;
			buildSettings = {
				ASSETCATALOG_COMPILER_APPICON_NAME = AppIcon;
				ASSETCATALOG_COMPILER_GLOBAL_ACCENT_COLOR_NAME = AccentColor;
				CODE_SIGN_ENTITLEMENTS = "Configuration/PingScope-DeveloperID.entitlements";
				CODE_SIGN_STYLE = Automatic;
				CURRENT_PROJECT_VERSION = 89;
				DEVELOPMENT_TEAM = 6R7S5GA944;
				ENABLE_HARDENED_RUNTIME = YES;
				ENABLE_PREVIEWS = YES;
				INFOPLIST_FILE = Configuration/Info.plist;
				LD_RUNPATH_SEARCH_PATHS = "@executable_path/../Frameworks";
				MACOSX_DEPLOYMENT_TARGET = 15.0;
				MARKETING_VERSION = 0.5.0;
				PRODUCT_BUNDLE_IDENTIFIER = com.hadm.PingScope;
				PRODUCT_NAME = PingScope;
				SDKROOT = macosx;
				STRING_CATALOG_GENERATE_SYMBOLS = YES;
				SUPPORTED_PLATFORMS = macosx;
				SWIFT_APPROACHABLE_CONCURRENCY = YES;
				SWIFT_DEFAULT_ACTOR_ISOLATION = MainActor;
				SWIFT_EMIT_LOC_STRINGS = YES;
				SWIFT_UPCOMING_FEATURE_MEMBER_IMPORT_VISIBILITY = YES;
				SWIFT_VERSION = 5.0;
			};
			name = Debug;
		};
		53AA6F5A2F441DAD009FEF3A /* Release */ = {
			isa = XCBuildConfiguration;
			buildSettings = {
				ASSETCATALOG_COMPILER_APPICON_NAME = AppIcon;
				ASSETCATALOG_COMPILER_GLOBAL_ACCENT_COLOR_NAME = AccentColor;
				CODE_SIGN_ENTITLEMENTS = "Configuration/PingScope-DeveloperID.entitlements";
				CODE_SIGN_IDENTITY = "Developer ID Application";
				CODE_SIGN_STYLE = Manual;
				CURRENT_PROJECT_VERSION = 89;
				DEVELOPMENT_TEAM = 6R7S5GA944;
				ENABLE_HARDENED_RUNTIME = YES;
				ENABLE_PREVIEWS = NO;
				INFOPLIST_FILE = Configuration/Info.plist;
				LD_RUNPATH_SEARCH_PATHS = "@executable_path/../Frameworks";
				MACOSX_DEPLOYMENT_TARGET = 15.0;
				MARKETING_VERSION = 0.5.0;
				PRODUCT_BUNDLE_IDENTIFIER = com.hadm.PingScope;
				PRODUCT_NAME = PingScope;
				SDKROOT = macosx;
				STRING_CATALOG_GENERATE_SYMBOLS = YES;
				SUPPORTED_PLATFORMS = macosx;
				SWIFT_APPROACHABLE_CONCURRENCY = YES;
				SWIFT_DEFAULT_ACTOR_ISOLATION = MainActor;
				SWIFT_EMIT_LOC_STRINGS = YES;
				SWIFT_UPCOMING_FEATURE_MEMBER_IMPORT_VISIBILITY = YES;
				SWIFT_VERSION = 5.0;
			};
			name = Release;
		};
		53E50000000000000000000C /* Debug */ = {
			isa = XCBuildConfiguration;
			buildSettings = {
				ASSETCATALOG_COMPILER_APPICON_NAME = AppIcon;
				ASSETCATALOG_COMPILER_GLOBAL_ACCENT_COLOR_NAME = AccentColor;
				CODE_SIGN_ENTITLEMENTS = "Configuration/PingScope-AppStore.entitlements";
				CODE_SIGN_STYLE = Automatic;
				CURRENT_PROJECT_VERSION = 89;
				DEVELOPMENT_TEAM = 6R7S5GA944;
				ENABLE_HARDENED_RUNTIME = YES;
				ENABLE_PREVIEWS = YES;
				INFOPLIST_FILE = "Configuration/Info-AppStore.plist";
				LD_RUNPATH_SEARCH_PATHS = "@executable_path/../Frameworks";
				MACOSX_DEPLOYMENT_TARGET = 15.0;
				MARKETING_VERSION = 0.5.0;
				PRODUCT_BUNDLE_IDENTIFIER = com.hadm.PingScope;
				PRODUCT_NAME = PingScope;
				SDKROOT = macosx;
				STRING_CATALOG_GENERATE_SYMBOLS = YES;
				SUPPORTED_PLATFORMS = macosx;
				SWIFT_ACTIVE_COMPILATION_CONDITIONS = "APPSTORE $(inherited)";
				SWIFT_APPROACHABLE_CONCURRENCY = YES;
				SWIFT_DEFAULT_ACTOR_ISOLATION = MainActor;
				SWIFT_EMIT_LOC_STRINGS = YES;
				SWIFT_UPCOMING_FEATURE_MEMBER_IMPORT_VISIBILITY = YES;
				SWIFT_VERSION = 5.0;
			};
			name = Debug;
		};
		53E50000000000000000000E /* Release */ = {
			isa = XCBuildConfiguration;
			buildSettings = {
				ASSETCATALOG_COMPILER_APPICON_NAME = AppIcon;
				ASSETCATALOG_COMPILER_GLOBAL_ACCENT_COLOR_NAME = AccentColor;
				CODE_SIGN_ENTITLEMENTS = "Configuration/PingScope-AppStore.entitlements";
				CODE_SIGN_STYLE = Automatic;
				CURRENT_PROJECT_VERSION = 89;
				DEVELOPMENT_TEAM = 6R7S5GA944;
				ENABLE_HARDENED_RUNTIME = YES;
				ENABLE_PREVIEWS = NO;
				INFOPLIST_FILE = "Configuration/Info-AppStore.plist";
				LD_RUNPATH_SEARCH_PATHS = "@executable_path/../Frameworks";
				MACOSX_DEPLOYMENT_TARGET = 15.0;
				MARKETING_VERSION = 0.5.0;
				PRODUCT_BUNDLE_IDENTIFIER = com.hadm.PingScope;
				PRODUCT_NAME = PingScope;
				SDKROOT = macosx;
				STRING_CATALOG_GENERATE_SYMBOLS = YES;
				SUPPORTED_PLATFORMS = macosx;
				SWIFT_ACTIVE_COMPILATION_CONDITIONS = "APPSTORE $(inherited)";
				SWIFT_APPROACHABLE_CONCURRENCY = YES;
				SWIFT_DEFAULT_ACTOR_ISOLATION = MainActor;
				SWIFT_EMIT_LOC_STRINGS = YES;
				SWIFT_UPCOMING_FEATURE_MEMBER_IMPORT_VISIBILITY = YES;
				SWIFT_VERSION = 5.0;
			};
			name = Release;
		};
		53AA6F5C2F441DAD009FEF3A /* Debug */ = {
			isa = XCBuildConfiguration;
			buildSettings = {
				BUNDLE_LOADER = "$(TEST_HOST)";
				CODE_SIGN_STYLE = Automatic;
				CURRENT_PROJECT_VERSION = 89;
				DEVELOPMENT_TEAM = 6R7S5GA944;
				GENERATE_INFOPLIST_FILE = YES;
				MACOSX_DEPLOYMENT_TARGET = 15.0;
				MARKETING_VERSION = 0.5.0;
				PRODUCT_BUNDLE_IDENTIFIER = com.hadm.PingScopeTests;
				PRODUCT_NAME = "$(TARGET_NAME)";
				SDKROOT = macosx;
				STRING_CATALOG_GENERATE_SYMBOLS = NO;
				SUPPORTED_PLATFORMS = macosx;
				SWIFT_APPROACHABLE_CONCURRENCY = YES;
				SWIFT_EMIT_LOC_STRINGS = NO;
				SWIFT_VERSION = 5.0;
				TEST_HOST = "$(BUILT_PRODUCTS_DIR)/PingScope.app/$(BUNDLE_EXECUTABLE_FOLDER_PATH)/PingScope";
				TEST_TARGET_NAME = PingScopeApp;
			};
			name = Debug;
		};
		53AA6F5D2F441DAD009FEF3A /* Release */ = {
			isa = XCBuildConfiguration;
			buildSettings = {
				BUNDLE_LOADER = "$(TEST_HOST)";
				CODE_SIGN_STYLE = Automatic;
				CURRENT_PROJECT_VERSION = 89;
				DEVELOPMENT_TEAM = 6R7S5GA944;
				GENERATE_INFOPLIST_FILE = YES;
				MACOSX_DEPLOYMENT_TARGET = 15.0;
				MARKETING_VERSION = 0.5.0;
				PRODUCT_BUNDLE_IDENTIFIER = com.hadm.PingScopeTests;
				PRODUCT_NAME = "$(TARGET_NAME)";
				SDKROOT = macosx;
				STRING_CATALOG_GENERATE_SYMBOLS = NO;
				SUPPORTED_PLATFORMS = macosx;
				SWIFT_APPROACHABLE_CONCURRENCY = YES;
				SWIFT_EMIT_LOC_STRINGS = NO;
				SWIFT_VERSION = 5.0;
				TEST_HOST = "$(BUILT_PRODUCTS_DIR)/PingScope.app/$(BUNDLE_EXECUTABLE_FOLDER_PATH)/PingScope";
				TEST_TARGET_NAME = PingScopeApp;
			};
			name = Release;
		};
		53AA6F5F2F441DAD009FEF3A /* Debug */ = {
			isa = XCBuildConfiguration;
			buildSettings = {
				CODE_SIGN_STYLE = Automatic;
				CURRENT_PROJECT_VERSION = 89;
				DEVELOPMENT_TEAM = 6R7S5GA944;
				GENERATE_INFOPLIST_FILE = YES;
				MACOSX_DEPLOYMENT_TARGET = 15.0;
				MARKETING_VERSION = 0.5.0;
				PRODUCT_BUNDLE_IDENTIFIER = com.hadm.PingScopeUITests;
				PRODUCT_NAME = PingScope;
				SDKROOT = macosx;
				STRING_CATALOG_GENERATE_SYMBOLS = NO;
				SUPPORTED_PLATFORMS = macosx;
				SWIFT_APPROACHABLE_CONCURRENCY = YES;
				SWIFT_EMIT_LOC_STRINGS = NO;
				SWIFT_UPCOMING_FEATURE_MEMBER_IMPORT_VISIBILITY = YES;
				SWIFT_VERSION = 5.0;
				TEST_TARGET_NAME = PingScope;
			};
			name = Debug;
		};
		53AA6F602F441DAD009FEF3A /* Release */ = {
			isa = XCBuildConfiguration;
			buildSettings = {
				CODE_SIGN_STYLE = Automatic;
				CURRENT_PROJECT_VERSION = 89;
				DEVELOPMENT_TEAM = 6R7S5GA944;
				GENERATE_INFOPLIST_FILE = YES;
				MACOSX_DEPLOYMENT_TARGET = 15.0;
				MARKETING_VERSION = 0.5.0;
				PRODUCT_BUNDLE_IDENTIFIER = com.hadm.PingScopeUITests;
				PRODUCT_NAME = PingScope;
				SDKROOT = macosx;
				STRING_CATALOG_GENERATE_SYMBOLS = NO;
				SUPPORTED_PLATFORMS = macosx;
				SWIFT_APPROACHABLE_CONCURRENCY = YES;
				SWIFT_EMIT_LOC_STRINGS = NO;
				SWIFT_UPCOMING_FEATURE_MEMBER_IMPORT_VISIBILITY = YES;
				SWIFT_VERSION = 5.0;
				TEST_TARGET_NAME = PingScope;
			};
			name = Release;
		};
		53D2B0C62F45A1A600E65EEE /* Debug */ = {
			isa = XCBuildConfiguration;
			buildSettings = {
				ASSETCATALOG_COMPILER_APPICON_NAME = AppIcon;
				ASSETCATALOG_COMPILER_GLOBAL_ACCENT_COLOR_NAME = AccentColor;
				ASSETCATALOG_COMPILER_WIDGET_BACKGROUND_COLOR_NAME = WidgetBackground;
				CODE_SIGN_ENTITLEMENTS = PingScopeWidget/PingScopeWidget.entitlements;
				"CODE_SIGN_ENTITLEMENTS[sdk=iphoneos*]" = "PingScopeWidget/PingScopeWidget-iOS.entitlements";
				"CODE_SIGN_ENTITLEMENTS[sdk=iphonesimulator*]" = "PingScopeWidget/PingScopeWidget-iOS.entitlements";
				CODE_SIGN_STYLE = Automatic;
				CURRENT_PROJECT_VERSION = 89;
				DEVELOPMENT_TEAM = 6R7S5GA944;
				ENABLE_APP_SANDBOX = YES;
				ENABLE_HARDENED_RUNTIME = YES;
				GENERATE_INFOPLIST_FILE = YES;
				INFOPLIST_FILE = PingScopeWidget/Info.plist;
				INFOPLIST_KEY_CFBundleDisplayName = PingScope;
				INFOPLIST_KEY_NSHumanReadableCopyright = "";
				LD_RUNPATH_SEARCH_PATHS = (
					"$(inherited)",
					"@executable_path/../Frameworks",
					"@executable_path/../../../../Frameworks",
				);
				IPHONEOS_DEPLOYMENT_TARGET = 18.0;
				MACOSX_DEPLOYMENT_TARGET = 15.0;
				MARKETING_VERSION = 0.5.0;
				PRODUCT_BUNDLE_IDENTIFIER = com.hadm.PingScope.widget;
				PRODUCT_NAME = "$(TARGET_NAME)";
				SDKROOT = auto;
				SKIP_INSTALL = YES;
				STRING_CATALOG_GENERATE_SYMBOLS = YES;
				SUPPORTED_PLATFORMS = "iphoneos iphonesimulator macosx";
				SUPPORTS_MACCATALYST = NO;
				SWIFT_APPROACHABLE_CONCURRENCY = YES;
				SWIFT_EMIT_LOC_STRINGS = YES;
				SWIFT_UPCOMING_FEATURE_MEMBER_IMPORT_VISIBILITY = YES;
				SWIFT_VERSION = 5.0;
				TARGETED_DEVICE_FAMILY = "1,2";
			};
			name = Debug;
		};
		53D2B0C72F45A1A600E65EEE /* Release */ = {
			isa = XCBuildConfiguration;
			buildSettings = {
				ASSETCATALOG_COMPILER_APPICON_NAME = AppIcon;
				ASSETCATALOG_COMPILER_GLOBAL_ACCENT_COLOR_NAME = AccentColor;
				ASSETCATALOG_COMPILER_WIDGET_BACKGROUND_COLOR_NAME = WidgetBackground;
				CODE_SIGN_ENTITLEMENTS = PingScopeWidget/PingScopeWidget.entitlements;
				"CODE_SIGN_ENTITLEMENTS[sdk=iphoneos*]" = "PingScopeWidget/PingScopeWidget-iOS.entitlements";
				"CODE_SIGN_ENTITLEMENTS[sdk=iphonesimulator*]" = "PingScopeWidget/PingScopeWidget-iOS.entitlements";
				CODE_SIGN_STYLE = Automatic;
				CURRENT_PROJECT_VERSION = 89;
				DEVELOPMENT_TEAM = 6R7S5GA944;
				ENABLE_APP_SANDBOX = YES;
				ENABLE_HARDENED_RUNTIME = YES;
				GENERATE_INFOPLIST_FILE = YES;
				INFOPLIST_FILE = PingScopeWidget/Info.plist;
				INFOPLIST_KEY_CFBundleDisplayName = PingScope;
				INFOPLIST_KEY_NSHumanReadableCopyright = "";
				LD_RUNPATH_SEARCH_PATHS = (
					"$(inherited)",
					"@executable_path/../Frameworks",
					"@executable_path/../../../../Frameworks",
				);
				IPHONEOS_DEPLOYMENT_TARGET = 18.0;
				MACOSX_DEPLOYMENT_TARGET = 15.0;
				MARKETING_VERSION = 0.5.0;
				PRODUCT_BUNDLE_IDENTIFIER = com.hadm.PingScope.widget;
				PRODUCT_NAME = "$(TARGET_NAME)";
				SDKROOT = auto;
				SKIP_INSTALL = YES;
				STRING_CATALOG_GENERATE_SYMBOLS = YES;
				SUPPORTED_PLATFORMS = "iphoneos iphonesimulator macosx";
				SUPPORTS_MACCATALYST = NO;
				SWIFT_APPROACHABLE_CONCURRENCY = YES;
				SWIFT_EMIT_LOC_STRINGS = YES;
				SWIFT_UPCOMING_FEATURE_MEMBER_IMPORT_VISIBILITY = YES;
				SWIFT_VERSION = 5.0;
				TARGETED_DEVICE_FAMILY = "1,2";
			};
			name = Release;
		};
		53A10000000000000000000E /* Debug */ = {
			isa = XCBuildConfiguration;
			buildSettings = {
				ASSETCATALOG_COMPILER_APPICON_NAME = AppIcon;
				ASSETCATALOG_COMPILER_GLOBAL_ACCENT_COLOR_NAME = AccentColor;
				CODE_SIGN_ENTITLEMENTS = "Configuration/PingScope-iOS.entitlements";
				CODE_SIGN_STYLE = Automatic;
				CURRENT_PROJECT_VERSION = 89;
				DEVELOPMENT_TEAM = 6R7S5GA944;
				ENABLE_PREVIEWS = YES;
				GENERATE_INFOPLIST_FILE = NO;
				INFOPLIST_FILE = "Configuration/Info-iOS.plist";
				IPHONEOS_DEPLOYMENT_TARGET = 18.0;
				LD_RUNPATH_SEARCH_PATHS = (
					"$(inherited)",
					"@executable_path/Frameworks",
				);
				MARKETING_VERSION = 0.5.0;
				PRODUCT_BUNDLE_IDENTIFIER = com.hadm.PingScope;
				PRODUCT_NAME = PingScope;
				SDKROOT = iphoneos;
				STRING_CATALOG_GENERATE_SYMBOLS = YES;
				SUPPORTED_PLATFORMS = "iphoneos iphonesimulator";
				SUPPORTS_MACCATALYST = NO;
				SWIFT_APPROACHABLE_CONCURRENCY = YES;
				SWIFT_DEFAULT_ACTOR_ISOLATION = MainActor;
				SWIFT_EMIT_LOC_STRINGS = YES;
				SWIFT_UPCOMING_FEATURE_MEMBER_IMPORT_VISIBILITY = YES;
				SWIFT_VERSION = 5.0;
				TARGETED_DEVICE_FAMILY = "1,2";
			};
			name = Debug;
		};
		53A10000000000000000000F /* Release */ = {
			isa = XCBuildConfiguration;
			buildSettings = {
				ASSETCATALOG_COMPILER_APPICON_NAME = AppIcon;
				ASSETCATALOG_COMPILER_GLOBAL_ACCENT_COLOR_NAME = AccentColor;
				CODE_SIGN_ENTITLEMENTS = "Configuration/PingScope-iOS.entitlements";
				CODE_SIGN_STYLE = Automatic;
				CURRENT_PROJECT_VERSION = 89;
				DEVELOPMENT_TEAM = 6R7S5GA944;
				ENABLE_PREVIEWS = NO;
				GENERATE_INFOPLIST_FILE = NO;
				INFOPLIST_FILE = "Configuration/Info-iOS.plist";
				IPHONEOS_DEPLOYMENT_TARGET = 18.0;
				LD_RUNPATH_SEARCH_PATHS = (
					"$(inherited)",
					"@executable_path/Frameworks",
				);
				MARKETING_VERSION = 0.5.0;
				PRODUCT_BUNDLE_IDENTIFIER = com.hadm.PingScope;
				PRODUCT_NAME = PingScope;
				SDKROOT = iphoneos;
				STRING_CATALOG_GENERATE_SYMBOLS = YES;
				SUPPORTED_PLATFORMS = "iphoneos iphonesimulator";
				SUPPORTS_MACCATALYST = NO;
				SWIFT_APPROACHABLE_CONCURRENCY = YES;
				SWIFT_DEFAULT_ACTOR_ISOLATION = MainActor;
				SWIFT_EMIT_LOC_STRINGS = YES;
				SWIFT_UPCOMING_FEATURE_MEMBER_IMPORT_VISIBILITY = YES;
				SWIFT_VERSION = 5.0;
				TARGETED_DEVICE_FAMILY = "1,2";
			};
			name = Release;
		};
		53A20000000000000000000B /* Debug */ = {
			isa = XCBuildConfiguration;
			buildSettings = {
				APPLICATION_EXTENSION_API_ONLY = YES;
				CODE_SIGN_ENTITLEMENTS = "Configuration/PingScope-LiveActivity.entitlements";
				CODE_SIGN_STYLE = Automatic;
				CURRENT_PROJECT_VERSION = 89;
				DEVELOPMENT_TEAM = 6R7S5GA944;
				ENABLE_PREVIEWS = YES;
				GENERATE_INFOPLIST_FILE = NO;
				INFOPLIST_FILE = "Configuration/Info-LiveActivity.plist";
				IPHONEOS_DEPLOYMENT_TARGET = 18.0;
				LD_RUNPATH_SEARCH_PATHS = (
					"$(inherited)",
					"@executable_path/Frameworks",
					"@executable_path/../../Frameworks",
				);
				MARKETING_VERSION = 0.5.0;
				PRODUCT_BUNDLE_IDENTIFIER = com.hadm.PingScope.LiveActivity;
				PRODUCT_NAME = "$(TARGET_NAME)";
				SDKROOT = iphoneos;
				SKIP_INSTALL = YES;
				STRING_CATALOG_GENERATE_SYMBOLS = YES;
				SUPPORTED_PLATFORMS = "iphoneos iphonesimulator";
				SUPPORTS_MACCATALYST = NO;
				SWIFT_APPROACHABLE_CONCURRENCY = YES;
				SWIFT_EMIT_LOC_STRINGS = YES;
				SWIFT_UPCOMING_FEATURE_MEMBER_IMPORT_VISIBILITY = YES;
				SWIFT_VERSION = 5.0;
				TARGETED_DEVICE_FAMILY = "1,2";
			};
			name = Debug;
		};
		53A20000000000000000000C /* Release */ = {
			isa = XCBuildConfiguration;
			buildSettings = {
				APPLICATION_EXTENSION_API_ONLY = YES;
				CODE_SIGN_ENTITLEMENTS = "Configuration/PingScope-LiveActivity.entitlements";
				CODE_SIGN_STYLE = Automatic;
				CURRENT_PROJECT_VERSION = 89;
				DEVELOPMENT_TEAM = 6R7S5GA944;
				ENABLE_PREVIEWS = NO;
				GENERATE_INFOPLIST_FILE = NO;
				INFOPLIST_FILE = "Configuration/Info-LiveActivity.plist";
				IPHONEOS_DEPLOYMENT_TARGET = 18.0;
				LD_RUNPATH_SEARCH_PATHS = (
					"$(inherited)",
					"@executable_path/Frameworks",
					"@executable_path/../../Frameworks",
				);
				MARKETING_VERSION = 0.5.0;
				PRODUCT_BUNDLE_IDENTIFIER = com.hadm.PingScope.LiveActivity;
				PRODUCT_NAME = "$(TARGET_NAME)";
				SDKROOT = iphoneos;
				SKIP_INSTALL = YES;
				STRING_CATALOG_GENERATE_SYMBOLS = YES;
				SUPPORTED_PLATFORMS = "iphoneos iphonesimulator";
				SUPPORTS_MACCATALYST = NO;
				SWIFT_APPROACHABLE_CONCURRENCY = YES;
				SWIFT_EMIT_LOC_STRINGS = YES;
				SWIFT_UPCOMING_FEATURE_MEMBER_IMPORT_VISIBILITY = YES;
				SWIFT_VERSION = 5.0;
				TARGETED_DEVICE_FAMILY = "1,2";
			};
			name = Release;
		};
/* End XCBuildConfiguration section */

/* Begin XCConfigurationList section */
		53AA6F322F441DAB009FEF3A /* Build configuration list for PBXProject "PingScope" */ = {
			isa = XCConfigurationList;
			buildConfigurations = (
				53AA6F562F441DAD009FEF3A /* Debug */,
				53AA6F572F441DAD009FEF3A /* Release */,
			);
			defaultConfigurationIsVisible = 0;
			defaultConfigurationName = Release;
		};
		53AA6F582F441DAD009FEF3A /* Build configuration list for PBXNativeTarget "PingScopeApp" */ = {
			isa = XCConfigurationList;
			buildConfigurations = (
				53AA6F592F441DAD009FEF3A /* Debug */,
				53AA6F5A2F441DAD009FEF3A /* Release */,
			);
			defaultConfigurationIsVisible = 0;
			defaultConfigurationName = Release;
		};
		53AA6F5B2F441DAD009FEF3A /* Build configuration list for PBXNativeTarget "PingScopeTests" */ = {
			isa = XCConfigurationList;
			buildConfigurations = (
				53AA6F5C2F441DAD009FEF3A /* Debug */,
				53AA6F5D2F441DAD009FEF3A /* Release */,
			);
			defaultConfigurationIsVisible = 0;
			defaultConfigurationName = Release;
		};
		53E50000000000000000000D /* Build configuration list for PBXNativeTarget "PingScopeAppStore" */ = {
			isa = XCConfigurationList;
			buildConfigurations = (
				53E50000000000000000000C /* Debug */,
				53E50000000000000000000E /* Release */,
			);
			defaultConfigurationIsVisible = 0;
			defaultConfigurationName = Release;
		};
		53AA6F5E2F441DAD009FEF3A /* Build configuration list for PBXNativeTarget "PingScopeUITests" */ = {
			isa = XCConfigurationList;
			buildConfigurations = (
				53AA6F5F2F441DAD009FEF3A /* Debug */,
				53AA6F602F441DAD009FEF3A /* Release */,
			);
			defaultConfigurationIsVisible = 0;
			defaultConfigurationName = Release;
		};
		53D2B0C92F45A1A600E65EEE /* Build configuration list for PBXNativeTarget "widgetExtension" */ = {
			isa = XCConfigurationList;
			buildConfigurations = (
				53D2B0C62F45A1A600E65EEE /* Debug */,
				53D2B0C72F45A1A600E65EEE /* Release */,
			);
			defaultConfigurationIsVisible = 0;
			defaultConfigurationName = Release;
		};
		53A100000000000000000010 /* Build configuration list for PBXNativeTarget "PingScopeiOSApp" */ = {
			isa = XCConfigurationList;
			buildConfigurations = (
				53A10000000000000000000E /* Debug */,
				53A10000000000000000000F /* Release */,
			);
			defaultConfigurationIsVisible = 0;
			defaultConfigurationName = Release;
		};
		53A20000000000000000000D /* Build configuration list for PBXNativeTarget "PingScopeLiveActivityExtension" */ = {
			isa = XCConfigurationList;
			buildConfigurations = (
				53A20000000000000000000B /* Debug */,
				53A20000000000000000000C /* Release */,
			);
			defaultConfigurationIsVisible = 0;
			defaultConfigurationName = Release;
		};
/* End XCConfigurationList section */

/* Begin XCRemoteSwiftPackageReference section */
		53F200000000000000000002 /* XCRemoteSwiftPackageReference "Sparkle" */ = {
			isa = XCRemoteSwiftPackageReference;
			repositoryURL = "https://github.com/sparkle-project/Sparkle";
			requirement = {
				kind = upToNextMajorVersion;
				minimumVersion = 2.7.0;
			};
		};
/* End XCRemoteSwiftPackageReference section */

/* Begin XCLocalSwiftPackageReference section */
		53F100000000000000000004 /* XCLocalSwiftPackageReference "." */ = {
			isa = XCLocalSwiftPackageReference;
			relativePath = .;
		};
/* End XCLocalSwiftPackageReference section */

/* Begin XCSwiftPackageProductDependency section */
		53F100000000000000000002 /* PingScopeCore */ = {
			isa = XCSwiftPackageProductDependency;
			package = 53F100000000000000000004 /* XCLocalSwiftPackageReference "." */;
			productName = PingScopeCore;
		};
		53F100000000000000000005 /* PingScopeiOS */ = {
			isa = XCSwiftPackageProductDependency;
			package = 53F100000000000000000004 /* XCLocalSwiftPackageReference "." */;
			productName = PingScopeiOS;
		};
		53F300000000000000000001 /* PingScopeHistoryKit */ = {
			isa = XCSwiftPackageProductDependency;
			package = 53F100000000000000000004 /* XCLocalSwiftPackageReference "." */;
			productName = PingScopeHistoryKit;
		};
		53F400000000000000000005 /* PingScopeCloudSync */ = {
			isa = XCSwiftPackageProductDependency;
			package = 53F100000000000000000004 /* XCLocalSwiftPackageReference "." */;
			productName = PingScopeCloudSync;
		};
		53D2B0B82F45A1A300E65EF3 /* PingScopeExtensionSupport */ = {
			isa = XCSwiftPackageProductDependency;
			package = 53F100000000000000000004 /* XCLocalSwiftPackageReference "." */;
			productName = PingScopeExtensionSupport;
		};
		53A200000000000000000011 /* PingScopeLiveActivitySupport */ = {
			isa = XCSwiftPackageProductDependency;
			package = 53F100000000000000000004 /* XCLocalSwiftPackageReference "." */;
			productName = PingScopeLiveActivitySupport;
		};
		53F200000000000000000003 /* Sparkle */ = {
			isa = XCSwiftPackageProductDependency;
			package = 53F200000000000000000002 /* XCRemoteSwiftPackageReference "Sparkle" */;
			productName = Sparkle;
		};
/* End XCSwiftPackageProductDependency section */
	};
	rootObject = 53AA6F2F2F441DAB009FEF3A /* Project object */;
}
